
Microsoft Visual Studio Solution File, Format Version 12.00
# Visual Studio Version 17
VisualStudioVersion = 17.11.35303.130
MinimumVisualStudioVersion = 10.0.40219.1
Project("{FAE04EC0-301F-11D3-BF4B-00C04F79EFBC}") = "Room_Calculator", "Room_Calculator\Room_Calculator.csproj", "{F577C159-5BD6-4469-8C1A-15298404AD12}"
EndProject
Global
	GlobalSection(SolutionConfigurationPlatforms) = preSolution
		Debug|Any CPU = Debug|Any CPU
		Release|Any CPU = Release|Any CPU
	EndGlobalSection
	GlobalSection(ProjectConfigurationPlatforms) = postSolution
		{F577C159-5BD6-4469-8C1A-15298404AD12}.Debug|Any CPU.ActiveCfg = Debug|Any CPU
		{F577C159-5BD6-4469-8C1A-15298404AD12}.Debug|Any CPU.Build.0 = Debug|Any CPU
		{F577C159-5BD6-4469-8C1A-15298404AD12}.Release|Any CPU.ActiveCfg = Release|Any CPU
		{F577C159-5BD6-4469-8C1A-15298404AD12}.Release|Any CPU.Build.0 = Release|Any CPU
	EndGlobalSection
	GlobalSection(SolutionProperties) = preSolution
		HideSolutionNode = FALSE
	EndGlobalSection
	GlobalSection(ExtensibilityGlobals) = postSolution
		SolutionGuid = {CBAE97D0-FBB3-4597-B950-A9BECE6FB2B2}
	EndGlobalSection
EndGlobal
